lockfileVersion: '9.0'

settings:
  autoInstallPeers: true
  excludeLinksFromLockfile: false

importers:

  .:
    dependencies:
      env-paths:
        specifier: ^3.0.0
        version: 3.0.0
      semver:
        specifier: ^7.7.2
        version: 7.8.5
      zod:
        specifier: ^3.25.76
        version: 3.25.76
      zod-to-json-schema:
        specifier: ^3.24.6
        version: 3.25.2(zod@3.25.76)
    devDependencies:
      '@types/node':
        specifier: ^24.0.0
        version: 24.13.3
      '@types/semver':
        specifier: ^7.7.0
        version: 7.7.1
      typescript:
        specifier: ^5.9.0
        version: 5.9.3

packages:

  '@types/node@24.13.3':
    resolution: {integrity: sha512-Dh8vAsV36ig5wa9OX4pXvMc9D3Veibfw2wix0CUwYODLD8nkj9UsLjASr49nPg+2eKzxhBV+v7L8pXvT4e639Q==}

  '@types/semver@7.7.1':
    resolution: {integrity: sha512-FmgJfu+MOcQ370SD0ev7EI8TlCAfKYU+B4m5T3yXc1CiRN94g/SZPtsCkk506aUDtlMnFZvasDwHHUcZUEaYuA==}

  env-paths@3.0.0:
    resolution: {integrity: sha512-dtJUTepzMW3Lm/NPxRf3wP4642UWhjL2sQxc+ym2YMj1m/H2zDNQOlezafzkHwn6sMstjHTwG6iQQsctDW/b1A==}
    engines: {node: ^12.20.0 || ^14.13.1 || >=16.0.0}

  semver@7.8.5:
    resolution: {integrity: sha512-Y7/KDsb8LjooZpwaqGyulO6DQlksgCncchHGk+sZIY4SBvUocMBEFH5Ur1fI4dV+Jvl0w6cjvucaIi40puRioA==}
    engines: {node: '>=10'}
    hasBin: true

  typescript@5.9.3:
    resolution: {integrity: sha512-jl1vZzPDinLr9eUt3J/t7V6FgNEw9QjvBPdysz9KfQDD41fQrC2Y4vKQdiaUpFT4bXlb1RHhLpp8wtm6M5TgSw==}
    engines: {node: '>=14.17'}
    hasBin: true

  undici-types@7.18.2:
    resolution: {integrity: sha512-AsuCzffGHJybSaRrmr5eHr81mwJU3kjw6M+uprWvCXiNeN9SOGwQ3Jn8jb8m3Z6izVgknn1R0FTCEAP2QrLY/w==}

  zod-to-json-schema@3.25.2:
    resolution: {integrity: sha512-O/PgfnpT1xKSDeQYSCfRI5Gy3hPf91mKVDuYLUHZJMiDFptvP41MSnWofm8dnCm0256ZNfZIM7DSzuSMAFnjHA==}
    peerDependencies:
      zod: ^3.25.28 || ^4

  zod@3.25.76:
    resolution: {integrity: sha512-gzUt/qt81nXsFGKIFcC3YnfEAx5NkunCfnDlvuBSSFS02bcXu4Lmea0AFIUwbLWxWPx3d9p8S5QoaujKcNQxcQ==}

snapshots:

  '@types/node@24.13.3':
    dependencies:
      undici-types: 7.18.2

  '@types/semver@7.7.1': {}

  env-paths@3.0.0: {}

  semver@7.8.5: {}

  typescript@5.9.3: {}

  undici-types@7.18.2: {}

  zod-to-json-schema@3.25.2(zod@3.25.76):
    dependencies:
      zod: 3.25.76

  zod@3.25.76: {}
